{
  "name": "tip-calculator-app-main",
  "version": "1.0.0",
  "lockfileVersion": 3,
  "requires": true,
  "packages": {
    "": {
      "name": "tip-calculator-app-main",
      "version": "1.0.0",
      "license": "ISC",
      "dependencies": {
        "open-props": "^1.7.23"
      }
    },
    "node_modules/open-props": {
      "version": "1.7.23",
      "resolved": "https://registry.npmjs.org/open-props/-/open-props-1.7.23.tgz",
      "integrity": "sha512-+xyrJmxV9QUBFbSwPROYhOg/FLXry+uuPr4R+B5EaE4556Oc18/8ZC/fL5A+/lbRSwNvA0Alh+C0KpyFWLmLZg=="
    }
  }
}
